
Microsoft Visual Studio Solution File, Format Version 12.00
# Visual Studio Version 16
VisualStudioVersion = 16.0.31702.278
MinimumVisualStudioVersion = 10.0.40219.1
Project("{FAE04EC0-301F-11D3-BF4B-00C04F79EFBC}") = "AturinKozlovNegmatov_Praktika2022_LokoTeh", "AturinKozlovNegmatov_Praktika2022_LokoTeh.csproj", "{BA0B0145-1FE8-4D4F-8B85-CED6C779A79B}"
EndProject
Global
	GlobalSection(SolutionConfigurationPlatforms) = preSolution
		Debug|Any CPU = Debug|Any CPU
		Release|Any CPU = Release|Any CPU
	EndGlobalSection
	GlobalSection(ProjectConfigurationPlatforms) = postSolution
		{BA0B0145-1FE8-4D4F-8B85-CED6C779A79B}.Debug|Any CPU.ActiveCfg = Debug|Any CPU
		{BA0B0145-1FE8-4D4F-8B85-CED6C779A79B}.Debug|Any CPU.Build.0 = Debug|Any CPU
		{BA0B0145-1FE8-4D4F-8B85-CED6C779A79B}.Release|Any CPU.ActiveCfg = Release|Any CPU
		{BA0B0145-1FE8-4D4F-8B85-CED6C779A79B}.Release|Any CPU.Build.0 = Release|Any CPU
	EndGlobalSection
	GlobalSection(SolutionProperties) = preSolution
		HideSolutionNode = FALSE
	EndGlobalSection
	GlobalSection(ExtensibilityGlobals) = postSolution
		SolutionGuid = {A0134579-D3C7-4AA8-91FC-496912B32269}
	EndGlobalSection
EndGlobal
